
Microsoft Visual Studio Solution File, Format Version 12.00
# Visual Studio 15
VisualStudioVersion = 15.0.26228.4
MinimumVisualStudioVersion = 10.0.40219.1
Project("{9A19103F-16F7-4668-BE54-9A1E7A4F7556}") = "DomainBus.Sql", "DomainBus.Sql\DomainBus.Sql.csproj", "{6B099F4A-48B5-4193-AEB8-4E1B68949F9C}"
EndProject
Project("{9A19103F-16F7-4668-BE54-9A1E7A4F7556}") = "DomainBus.Sql.SqlServer", "DomainBus.Sql.SqlServer\DomainBus.Sql.SqlServer.csproj", "{5F6D94B3-8BDD-4F15-B3C0-5DEC0A023C28}"
EndProject
Project("{9A19103F-16F7-4668-BE54-9A1E7A4F7556}") = "DomainBus.Sql.Sqlite", "DomainBus.Sql.Sqlite\DomainBus.Sql.Sqlite.csproj", "{62E4D5E9-8BB5-4DA2-9CFF-C8376125D14F}"
EndProject
Project("{9A19103F-16F7-4668-BE54-9A1E7A4F7556}") = "Tests", "Tests\Tests.csproj", "{8BC402EC-AAD4-4814-9D40-BA787B3DBD22}"
EndProject
Global
	GlobalSection(SolutionConfigurationPlatforms) = preSolution
		Debug|Any CPU = Debug|Any CPU
		Release|Any CPU = Release|Any CPU
	EndGlobalSection
	GlobalSection(ProjectConfigurationPlatforms) = postSolution
		{6B099F4A-48B5-4193-AEB8-4E1B68949F9C}.Debug|Any CPU.ActiveCfg = Debug|Any CPU
		{6B099F4A-48B5-4193-AEB8-4E1B68949F9C}.Debug|Any CPU.Build.0 = Debug|Any CPU
		{6B099F4A-48B5-4193-AEB8-4E1B68949F9C}.Release|Any CPU.ActiveCfg = Release|Any CPU
		{6B099F4A-48B5-4193-AEB8-4E1B68949F9C}.Release|Any CPU.Build.0 = Release|Any CPU
		{5F6D94B3-8BDD-4F15-B3C0-5DEC0A023C28}.Debug|Any CPU.ActiveCfg = Debug|Any CPU
		{5F6D94B3-8BDD-4F15-B3C0-5DEC0A023C28}.Debug|Any CPU.Build.0 = Debug|Any CPU
		{5F6D94B3-8BDD-4F15-B3C0-5DEC0A023C28}.Release|Any CPU.ActiveCfg = Release|Any CPU
		{5F6D94B3-8BDD-4F15-B3C0-5DEC0A023C28}.Release|Any CPU.Build.0 = Release|Any CPU
		{62E4D5E9-8BB5-4DA2-9CFF-C8376125D14F}.Debug|Any CPU.ActiveCfg = Debug|Any CPU
		{62E4D5E9-8BB5-4DA2-9CFF-C8376125D14F}.Debug|Any CPU.Build.0 = Debug|Any CPU
		{62E4D5E9-8BB5-4DA2-9CFF-C8376125D14F}.Release|Any CPU.ActiveCfg = Release|Any CPU
		{62E4D5E9-8BB5-4DA2-9CFF-C8376125D14F}.Release|Any CPU.Build.0 = Release|Any CPU
		{8BC402EC-AAD4-4814-9D40-BA787B3DBD22}.Debug|Any CPU.ActiveCfg = Debug|Any CPU
		{8BC402EC-AAD4-4814-9D40-BA787B3DBD22}.Debug|Any CPU.Build.0 = Debug|Any CPU
		{8BC402EC-AAD4-4814-9D40-BA787B3DBD22}.Release|Any CPU.ActiveCfg = Release|Any CPU
		{8BC402EC-AAD4-4814-9D40-BA787B3DBD22}.Release|Any CPU.Build.0 = Release|Any CPU
	EndGlobalSection
	GlobalSection(SolutionProperties) = preSolution
		HideSolutionNode = FALSE
	EndGlobalSection
EndGlobal
